// !$*UTF8*$!
{
	archiveVersion = 1;
	classes = {
	};
	objectVersion = 56;
	objects = {

/* Begin PBXBuildFile section */
		FA629B9D2A18F54A0018DEE9 /* UIHelper.swift in Sources */ = {isa = PBXBuildFile; fileRef = FA629B9C2A18F54A0018DEE9 /* UIHelper.swift */; };
		FA629BA52A18FD660018DEE9 /* GFEmptyStateView.swift in Sources */ = {isa = PBXBuildFile; fileRef = FA629BA42A18FD660018DEE9 /* GFEmptyStateView.swift */; };
		FA66B69129C4ED2800EBB671 /* Assets.xcassets in Resources */ = {isa = PBXBuildFile; fileRef = FA66B69029C4ED2800EBB671 /* Assets.xcassets */; };
		FA66B69329C4F61C00EBB671 /* GFButton.swift in Sources */ = {isa = PBXBuildFile; fileRef = FA66B69229C4F61C00EBB671 /* GFButton.swift */; };
		FA66B69529C4F95100EBB671 /* GFTextField.swift in Sources */ = {isa = PBXBuildFile; fileRef = FA66B69429C4F95100EBB671 /* GFTextField.swift */; };
		FA66B69729C5A01C00EBB671 /* FollowerListVC.swift in Sources */ = {isa = PBXBuildFile; fileRef = FA66B69629C5A01C00EBB671 /* FollowerListVC.swift */; };
		FA66B69929C5A55F00EBB671 /* GFTitleLabel.swift in Sources */ = {isa = PBXBuildFile; fileRef = FA66B69829C5A55F00EBB671 /* GFTitleLabel.swift */; };
		FA66B69B29C5A6BA00EBB671 /* GFBodyLabel.swift in Sources */ = {isa = PBXBuildFile; fileRef = FA66B69A29C5A6BA00EBB671 /* GFBodyLabel.swift */; };
		FA66B69D29C5A77200EBB671 /* GFAlertVC.swift in Sources */ = {isa = PBXBuildFile; fileRef = FA66B69C29C5A77200EBB671 /* GFAlertVC.swift */; };
		FA66B69F29C5D6D100EBB671 /* UIViewController+Ext.swift in Sources */ = {isa = PBXBuildFile; fileRef = FA66B69E29C5D6D100EBB671 /* UIViewController+Ext.swift */; };
		FA7BBA2429C61F96008E319B /* Follower.swift in Sources */ = {isa = PBXBuildFile; fileRef = FA7BBA2329C61F96008E319B /* Follower.swift */; };
		FA7BBA2629C624A9008E319B /* User.swift in Sources */ = {isa = PBXBuildFile; fileRef = FA7BBA2529C624A9008E319B /* User.swift */; };
		FA7BBA2929C62B56008E319B /* NetworkManager.swift in Sources */ = {isa = PBXBuildFile; fileRef = FA7BBA2829C62B56008E319B /* NetworkManager.swift */; };
		FA7BBA2C29C6F348008E319B /* ErrorMessage.swift in Sources */ = {isa = PBXBuildFile; fileRef = FA7BBA2B29C6F348008E319B /* ErrorMessage.swift */; };
		FA7BBA2F29C8ADDC008E319B /* FollowerCell.swift in Sources */ = {isa = PBXBuildFile; fileRef = FA7BBA2E29C8ADDC008E319B /* FollowerCell.swift */; };
		FA7BBA3129C8AE56008E319B /* GFAvatarImageView.swift in Sources */ = {isa = PBXBuildFile; fileRef = FA7BBA3029C8AE56008E319B /* GFAvatarImageView.swift */; };
		FAF1C38E29C4E7110067B589 /* AppDelegate.swift in Sources */ = {isa = PBXBuildFile; fileRef = FAF1C38D29C4E7110067B589 /* AppDelegate.swift */; };
		FAF1C39029C4E7110067B589 /* SceneDelegate.swift in Sources */ = {isa = PBXBuildFile; fileRef = FAF1C38F29C4E7110067B589 /* SceneDelegate.swift */; };
		FAF1C39A29C4E7130067B589 /* LaunchScreen.storyboard in Resources */ = {isa = PBXBuildFile; fileRef = FAF1C39829C4E7130067B589 /* LaunchScreen.storyboard */; };
		FAF1C3A429C4EC4E0067B589 /* SearchVC.swift in Sources */ = {isa = PBXBuildFile; fileRef = FAF1C3A329C4EC4E0067B589 /* SearchVC.swift */; };
		FAF1C3A629C4EC780067B589 /* FavoritesListVC.swift in Sources */ = {isa = PBXBuildFile; fileRef = FAF1C3A529C4EC780067B589 /* FavoritesListVC.swift */; };
/* End PBXBuildFile section */

/* Begin PBXFileReference section */
		FA629B9C2A18F54A0018DEE9 /* UIHelper.swift */ = {isa = PBXFileReference; lastKnownFileType = sourcecode.swift; path = UIHelper.swift; sourceTree = "<group>"; };
		FA629BA42A18FD660018DEE9 /* GFEmptyStateView.swift */ = {isa = PBXFileReference; lastKnownFileType = sourcecode.swift; path = GFEmptyStateView.swift; sourceTree = "<group>"; };
		FA66B69029C4ED2800EBB671 /* Assets.xcassets */ = {isa = PBXFileReference; lastKnownFileType = folder.assetcatalog; path = Assets.xcassets; sourceTree = "<group>"; };
		FA66B69229C4F61C00EBB671 /* GFButton.swift */ = {isa = PBXFileReference; lastKnownFileType = sourcecode.swift; path = GFButton.swift; sourceTree = "<group>"; };
		FA66B69429C4F95100EBB671 /* GFTextField.swift */ = {isa = PBXFileReference; lastKnownFileType = sourcecode.swift; path = GFTextField.swift; sourceTree = "<group>"; };
		FA66B69629C5A01C00EBB671 /* FollowerListVC.swift */ = {isa = PBXFileReference; lastKnownFileType = sourcecode.swift; path = FollowerListVC.swift; sourceTree = "<group>"; };
		FA66B69829C5A55F00EBB671 /* GFTitleLabel.swift */ = {isa = PBXFileReference; lastKnownFileType = sourcecode.swift; path = GFTitleLabel.swift; sourceTree = "<group>"; };
		FA66B69A29C5A6BA00EBB671 /* GFBodyLabel.swift */ = {isa = PBXFileReference; lastKnownFileType = sourcecode.swift; path = GFBodyLabel.swift; sourceTree = "<group>"; };
		FA66B69C29C5A77200EBB671 /* GFAlertVC.swift */ = {isa = PBXFileReference; lastKnownFileType = sourcecode.swift; path = GFAlertVC.swift; sourceTree = "<group>"; };
		FA66B69E29C5D6D100EBB671 /* UIViewController+Ext.swift */ = {isa = PBXFileReference; lastKnownFileType = sourcecode.swift; path = "UIViewController+Ext.swift"; sourceTree = "<group>"; };
		FA7BBA2329C61F96008E319B /* Follower.swift */ = {isa = PBXFileReference; lastKnownFileType = sourcecode.swift; path = Follower.swift; sourceTree = "<group>"; };
		FA7BBA2529C624A9008E319B /* User.swift */ = {isa = PBXFileReference; lastKnownFileType = sourcecode.swift; path = User.swift; sourceTree = "<group>"; };
		FA7BBA2829C62B56008E319B /* NetworkManager.swift */ = {isa = PBXFileReference; lastKnownFileType = sourcecode.swift; path = NetworkManager.swift; sourceTree = "<group>"; };
		FA7BBA2B29C6F348008E319B /* ErrorMessage.swift */ = {isa = PBXFileReference; lastKnownFileType = sourcecode.swift; path = ErrorMessage.swift; sourceTree = "<group>"; };
		FA7BBA2E29C8ADDC008E319B /* FollowerCell.swift */ = {isa = PBXFileReference; lastKnownFileType = sourcecode.swift; path = FollowerCell.swift; sourceTree = "<group>"; };
		FA7BBA3029C8AE56008E319B /* GFAvatarImageView.swift */ = {isa = PBXFileReference; lastKnownFileType = sourcecode.swift; path = GFAvatarImageView.swift; sourceTree = "<group>"; };
		FAF1C38A29C4E7110067B589 /* GitHubFollowers.app */ = {isa = PBXFileReference; explicitFileType = wrapper.application; includeInIndex = 0; path = GitHubFollowers.app; sourceTree = BUILT_PRODUCTS_DIR; };
		FAF1C38D29C4E7110067B589 /* AppDelegate.swift */ = {isa = PBXFileReference; lastKnownFileType = sourcecode.swift; path = AppDelegate.swift; sourceTree = "<group>"; };
		FAF1C38F29C4E7110067B589 /* SceneDelegate.swift */ = {isa = PBXFileReference; lastKnownFileType = sourcecode.swift; path = SceneDelegate.swift; sourceTree = "<group>"; };
		FAF1C39929C4E7130067B589 /* Base */ = {isa = PBXFileReference; lastKnownFileType = file.storyboard; name = Base; path = Base.lproj/LaunchScreen.storyboard; sourceTree = "<group>"; };
		FAF1C39B29C4E7130067B589 /* Info.plist */ = {isa = PBXFileReference; lastKnownFileType = text.plist.xml; path = Info.plist; sourceTree = "<group>"; };
		FAF1C3A329C4EC4E0067B589 /* SearchVC.swift */ = {isa = PBXFileReference; lastKnownFileType = sourcecode.swift; path = SearchVC.swift; sourceTree = "<group>"; };
		FAF1C3A529C4EC780067B589 /* FavoritesListVC.swift */ = {isa = PBXFileReference; lastKnownFileType = sourcecode.swift; path = FavoritesListVC.swift; sourceTree = "<group>"; };
/* End PBXFileReference section */

/* Begin PBXFrameworksBuildPhase section */
		FAF1C38729C4E7110067B589 /* Frameworks */ = {
			isa = PBXFrameworksBuildPhase;
			buildActionMask = 2147483647;
			files = (
			);
			runOnlyForDeploymentPostprocessing = 0;
		};
/* End PBXFrameworksBuildPhase section */

/* Begin PBXGroup section */
		FA629B9E2A18FC8A0018DEE9 /* Labels */ = {
			isa = PBXGroup;
			children = (
				FA66B69829C5A55F00EBB671 /* GFTitleLabel.swift */,
				FA66B69A29C5A6BA00EBB671 /* GFBodyLabel.swift */,
			);
			path = Labels;
			sourceTree = "<group>";
		};
		FA629B9F2A18FCC30018DEE9 /* ViewControllers */ = {
			isa = PBXGroup;
			children = (
				FA66B69C29C5A77200EBB671 /* GFAlertVC.swift */,
			);
			path = ViewControllers;
			sourceTree = "<group>";
		};
		FA629BA02A18FCE70018DEE9 /* ImageViews */ = {
			isa = PBXGroup;
			children = (
				FA7BBA3029C8AE56008E319B /* GFAvatarImageView.swift */,
			);
			path = ImageViews;
			sourceTree = "<group>";
		};
		FA629BA12A18FD000018DEE9 /* TextFields */ = {
			isa = PBXGroup;
			children = (
				FA66B69429C4F95100EBB671 /* GFTextField.swift */,
			);
			path = TextFields;
			sourceTree = "<group>";
		};
		FA629BA22A18FD250018DEE9 /* Buttons */ = {
			isa = PBXGroup;
			children = (
				FA66B69229C4F61C00EBB671 /* GFButton.swift */,
			);
			path = Buttons;
			sourceTree = "<group>";
		};
		FA629BA32A18FD510018DEE9 /* Views */ = {
			isa = PBXGroup;
			children = (
				FA629BA42A18FD660018DEE9 /* GFEmptyStateView.swift */,
			);
			path = Views;
			sourceTree = "<group>";
		};
		FA66B6A029C5DDCA00EBB671 /* Screens */ = {
			isa = PBXGroup;
			children = (
				FAF1C3A329C4EC4E0067B589 /* SearchVC.swift */,
				FA66B69629C5A01C00EBB671 /* FollowerListVC.swift */,
				FAF1C3A529C4EC780067B589 /* FavoritesListVC.swift */,
			);
			path = Screens;
			sourceTree = "<group>";
		};
		FA66B6A129C5DDFE00EBB671 /* Custom Views */ = {
			isa = PBXGroup;
			children = (
				FA629BA32A18FD510018DEE9 /* Views */,
				FA629BA22A18FD250018DEE9 /* Buttons */,
				FA629BA12A18FD000018DEE9 /* TextFields */,
				FA629BA02A18FCE70018DEE9 /* ImageViews */,
				FA629B9E2A18FC8A0018DEE9 /* Labels */,
				FA629B9F2A18FCC30018DEE9 /* ViewControllers */,
				FA7BBA2D29C8ADBB008E319B /* Cells */,
			);
			path = "Custom Views";
			sourceTree = "<group>";
		};
		FA66B6A229C5DE3000EBB671 /* Extensions */ = {
			isa = PBXGroup;
			children = (
				FA66B69E29C5D6D100EBB671 /* UIViewController+Ext.swift */,
			);
			path = Extensions;
			sourceTree = "<group>";
		};
		FA66B6A329C5DE9400EBB671 /* Support */ = {
			isa = PBXGroup;
			children = (
				FAF1C38D29C4E7110067B589 /* AppDelegate.swift */,
				FAF1C38F29C4E7110067B589 /* SceneDelegate.swift */,
				FA66B69029C4ED2800EBB671 /* Assets.xcassets */,
				FAF1C39829C4E7130067B589 /* LaunchScreen.storyboard */,
			);
			path = Support;
			sourceTree = "<group>";
		};
		FA7BBA2229C61F8A008E319B /* Model */ = {
			isa = PBXGroup;
			children = (
				FA7BBA2329C61F96008E319B /* Follower.swift */,
				FA7BBA2529C624A9008E319B /* User.swift */,
			);
			path = Model;
			sourceTree = "<group>";
		};
		FA7BBA2729C62B42008E319B /* Managers */ = {
			isa = PBXGroup;
			children = (
				FA7BBA2829C62B56008E319B /* NetworkManager.swift */,
			);
			path = Managers;
			sourceTree = "<group>";
		};
		FA7BBA2A29C6F33B008E319B /* Utilities */ = {
			isa = PBXGroup;
			children = (
				FA7BBA2B29C6F348008E319B /* ErrorMessage.swift */,
				FA629B9C2A18F54A0018DEE9 /* UIHelper.swift */,
			);
			path = Utilities;
			sourceTree = "<group>";
		};
		FA7BBA2D29C8ADBB008E319B /* Cells */ = {
			isa = PBXGroup;
			children = (
				FA7BBA2E29C8ADDC008E319B /* FollowerCell.swift */,
			);
			path = Cells;
			sourceTree = "<group>";
		};
		FAF1C38129C4E7110067B589 = {
			isa = PBXGroup;
			children = (
				FAF1C38C29C4E7110067B589 /* GitHubFollowers */,
				FAF1C38B29C4E7110067B589 /* Products */,
			);
			sourceTree = "<group>";
		};
		FAF1C38B29C4E7110067B589 /* Products */ = {
			isa = PBXGroup;
			children = (
				FAF1C38A29C4E7110067B589 /* GitHubFollowers.app */,
			);
			name = Products;
			sourceTree = "<group>";
		};
		FAF1C38C29C4E7110067B589 /* GitHubFollowers */ = {
			isa = PBXGroup;
			children = (
				FA7BBA2A29C6F33B008E319B /* Utilities */,
				FA7BBA2729C62B42008E319B /* Managers */,
				FA7BBA2229C61F8A008E319B /* Model */,
				FA66B6A229C5DE3000EBB671 /* Extensions */,
				FA66B6A129C5DDFE00EBB671 /* Custom Views */,
				FA66B6A029C5DDCA00EBB671 /* Screens */,
				FA66B6A329C5DE9400EBB671 /* Support */,
				FAF1C39B29C4E7130067B589 /* Info.plist */,
			);
			path = GitHubFollowers;
			sourceTree = "<group>";
		};
/* End PBXGroup section */

/* Begin PBXNativeTarget section */
		FAF1C38929C4E7110067B589 /* GitHubFollowers */ = {
			isa = PBXNativeTarget;
			buildConfigurationList = FAF1C39E29C4E7130067B589 /* Build configuration list for PBXNativeTarget "GitHubFollowers" */;
			buildPhases = (
				FAF1C38629C4E7110067B589 /* Sources */,
				FAF1C38729C4E7110067B589 /* Frameworks */,
				FAF1C38829C4E7110067B589 /* Resources */,
			);
			buildRules = (
			);
			dependencies = (
			);
			name = GitHubFollowers;
			productName = GitHubFollowers;
			productReference = FAF1C38A29C4E7110067B589 /* GitHubFollowers.app */;
			productType = "com.apple.product-type.application";
		};
/* End PBXNativeTarget section */

/* Begin PBXProject section */
		FAF1C38229C4E7110067B589 /* Project object */ = {
			isa = PBXProject;
			attributes = {
				BuildIndependentTargetsInParallel = 1;
				LastSwiftUpdateCheck = 1420;
				LastUpgradeCheck = 1420;
				TargetAttributes = {
					FAF1C38929C4E7110067B589 = {
						CreatedOnToolsVersion = 14.2;
					};
				};
			};
			buildConfigurationList = FAF1C38529C4E7110067B589 /* Build configuration list for PBXProject "GitHubFollowers" */;
			compatibilityVersion = "Xcode 14.0";
			developmentRegion = en;
			hasScannedForEncodings = 0;
			knownRegions = (
				en,
				Base,
			);
			mainGroup = FAF1C38129C4E7110067B589;
			productRefGroup = FAF1C38B29C4E7110067B589 /* Products */;
			projectDirPath = "";
			projectRoot = "";
			targets = (
				FAF1C38929C4E7110067B589 /* GitHubFollowers */,
			);
		};
/* End PBXProject section */

/* Begin PBXResourcesBuildPhase section */
		FAF1C38829C4E7110067B589 /* Resources */ = {
			isa = PBXResourcesBuildPhase;
			buildActionMask = 2147483647;
			files = (
				FA66B69129C4ED2800EBB671 /* Assets.xcassets in Resources */,
				FAF1C39A29C4E7130067B589 /* LaunchScreen.storyboard in Resources */,
			);
			runOnlyForDeploymentPostprocessing = 0;
		};
/* End PBXResourcesBuildPhase section */

/* Begin PBXSourcesBuildPhase section */
		FAF1C38629C4E7110067B589 /* Sources */ = {
			isa = PBXSourcesBuildPhase;
			buildActionMask = 2147483647;
			files = (
				FA7BBA2629C624A9008E319B /* User.swift in Sources */,
				FA66B69529C4F95100EBB671 /* GFTextField.swift in Sources */,
				FAF1C3A629C4EC780067B589 /* FavoritesListVC.swift in Sources */,
				FA66B69329C4F61C00EBB671 /* GFButton.swift in Sources */,
				FA66B69F29C5D6D100EBB671 /* UIViewController+Ext.swift in Sources */,
				FA629B9D2A18F54A0018DEE9 /* UIHelper.swift in Sources */,
				FA7BBA3129C8AE56008E319B /* GFAvatarImageView.swift in Sources */,
				FAF1C3A429C4EC4E0067B589 /* SearchVC.swift in Sources */,
				FA66B69D29C5A77200EBB671 /* GFAlertVC.swift in Sources */,
				FA7BBA2F29C8ADDC008E319B /* FollowerCell.swift in Sources */,
				FA7BBA2C29C6F348008E319B /* ErrorMessage.swift in Sources */,
				FA66B69B29C5A6BA00EBB671 /* GFBodyLabel.swift in Sources */,
				FA7BBA2429C61F96008E319B /* Follower.swift in Sources */,
				FA66B69929C5A55F00EBB671 /* GFTitleLabel.swift in Sources */,
				FA7BBA2929C62B56008E319B /* NetworkManager.swift in Sources */,
				FA66B69729C5A01C00EBB671 /* FollowerListVC.swift in Sources */,
				FAF1C38E29C4E7110067B589 /* AppDelegate.swift in Sources */,
				FA629BA52A18FD660018DEE9 /* GFEmptyStateView.swift in Sources */,
				FAF1C39029C4E7110067B589 /* SceneDelegate.swift in Sources */,
			);
			runOnlyForDeploymentPostprocessing = 0;
		};
/* End PBXSourcesBuildPhase section */

/* Begin PBXVariantGroup section */
		FAF1C39829C4E7130067B589 /* LaunchScreen.storyboard */ = {
			isa = PBXVariantGroup;
			children = (
				FAF1C39929C4E7130067B589 /* Base */,
			);
			name = LaunchScreen.storyboard;
			sourceTree = "<group>";
		};
/* End PBXVariantGroup section */

/* Begin XCBuildConfiguration section */
		FAF1C39C29C4E7130067B589 /* Debug */ = {
			isa = XCBuildConfiguration;
			buildSettings = {
				ALWAYS_SEARCH_USER_PATHS = NO;
				CLANG_ANALYZER_NONNULL = YES;
				CLANG_ANALYZER_NUMBER_OBJECT_CONVERSION = YES_AGGRESSIVE;
				CLANG_CXX_LANGUAGE_STANDARD = "gnu++20";
				CLANG_ENABLE_MODULES = YES;
				CLANG_ENABLE_OBJC_ARC = YES;
				CLANG_ENABLE_OBJC_WEAK = YES;
				CLANG_WARN_BLOCK_CAPTURE_AUTORELEASING = YES;
				CLANG_WARN_BOOL_CONVERSION = YES;
				CLANG_WARN_COMMA = YES;
				CLANG_WARN_CONSTANT_CONVERSION = YES;
				CLANG_WARN_DEPRECATED_OBJC_IMPLEMENTATIONS = YES;
				CLANG_WARN_DIRECT_OBJC_ISA_USAGE = YES_ERROR;
				CLANG_WARN_DOCUMENTATION_COMMENTS = YES;
				CLANG_WARN_EMPTY_BODY = YES;
				CLANG_WARN_ENUM_CONVERSION = YES;
				CLANG_WARN_INFINITE_RECURSION = YES;
				CLANG_WARN_INT_CONVERSION = YES;
				CLANG_WARN_NON_LITERAL_NULL_CONVERSION = YES;
				CLANG_WARN_OBJC_IMPLICIT_RETAIN_SELF = YES;
				CLANG_WARN_OBJC_LITERAL_CONVERSION = YES;
				CLANG_WARN_OBJC_ROOT_CLASS = YES_ERROR;
				CLANG_WARN_QUOTED_INCLUDE_IN_FRAMEWORK_HEADER = YES;
				CLANG_WARN_RANGE_LOOP_ANALYSIS = YES;
				CLANG_WARN_STRICT_PROTOTYPES = YES;
				CLANG_WARN_SUSPICIOUS_MOVE = YES;
				CLANG_WARN_UNGUARDED_AVAILABILITY = YES_AGGRESSIVE;
				CLANG_WARN_UNREACHABLE_CODE = YES;
				CLANG_WARN__DUPLICATE_METHOD_MATCH = YES;
				COPY_PHASE_STRIP = NO;
				DEBUG_INFORMATION_FORMAT = dwarf;
				ENABLE_STRICT_OBJC_MSGSEND = YES;
				ENABLE_TESTABILITY = YES;
				GCC_C_LANGUAGE_STANDARD = gnu11;
				GCC_DYNAMIC_NO_PIC = NO;
				GCC_NO_COMMON_BLOCKS = YES;
				GCC_OPTIMIZATION_LEVEL = 0;
				GCC_PREPROCESSOR_DEFINITIONS = (
					"DEBUG=1",
					"$(inherited)",
				);
				GCC_WARN_64_TO_32_BIT_CONVERSION = YES;
				GCC_WARN_ABOUT_RETURN_TYPE = YES_ERROR;
				GCC_WARN_UNDECLARED_SELECTOR = YES;
				GCC_WARN_UNINITIALIZED_AUTOS = YES_AGGRESSIVE;
				GCC_WARN_UNUSED_FUNCTION = YES;
				GCC_WARN_UNUSED_VARIABLE = YES;
				IPHONEOS_DEPLOYMENT_TARGET = 13.0;
				MTL_ENABLE_DEBUG_INFO = INCLUDE_SOURCE;
				MTL_FAST_MATH = YES;
				ONLY_ACTIVE_ARCH = YES;
				SDKROOT = iphoneos;
				SWIFT_ACTIVE_COMPILATION_CONDITIONS = DEBUG;
				SWIFT_OPTIMIZATION_LEVEL = "-Onone";
			};
			name = Debug;
		};
		FAF1C39D29C4E7130067B589 /* Release */ = {
			isa = XCBuildConfiguration;
			buildSettings = {
				ALWAYS_SEARCH_USER_PATHS = NO;
				CLANG_ANALYZER_NONNULL = YES;
				CLANG_ANALYZER_NUMBER_OBJECT_CONVERSION = YES_AGGRESSIVE;
				CLANG_CXX_LANGUAGE_STANDARD = "gnu++20";
				CLANG_ENABLE_MODULES = YES;
				CLANG_ENABLE_OBJC_ARC = YES;
				CLANG_ENABLE_OBJC_WEAK = YES;
				CLANG_WARN_BLOCK_CAPTURE_AUTORELEASING = YES;
				CLANG_WARN_BOOL_CONVERSION = YES;
				CLANG_WARN_COMMA = YES;
				CLANG_WARN_CONSTANT_CONVERSION = YES;
				CLANG_WARN_DEPRECATED_OBJC_IMPLEMENTATIONS = YES;
				CLANG_WARN_DIRECT_OBJC_ISA_USAGE = YES_ERROR;
				CLANG_WARN_DOCUMENTATION_COMMENTS = YES;
				CLANG_WARN_EMPTY_BODY = YES;
				CLANG_WARN_ENUM_CONVERSION = YES;
				CLANG_WARN_INFINITE_RECURSION = YES;
				CLANG_WARN_INT_CONVERSION = YES;
				CLANG_WARN_NON_LITERAL_NULL_CONVERSION = YES;
				CLANG_WARN_OBJC_IMPLICIT_RETAIN_SELF = YES;
				CLANG_WARN_OBJC_LITERAL_CONVERSION = YES;
				CLANG_WARN_OBJC_ROOT_CLASS = YES_ERROR;
				CLANG_WARN_QUOTED_INCLUDE_IN_FRAMEWORK_HEADER = YES;
				CLANG_WARN_RANGE_LOOP_ANALYSIS = YES;
				CLANG_WARN_STRICT_PROTOTYPES = YES;
				CLANG_WARN_SUSPICIOUS_MOVE = YES;
				CLANG_WARN_UNGUARDED_AVAILABILITY = YES_AGGRESSIVE;
				CLANG_WARN_UNREACHABLE_CODE = YES;
				CLANG_WARN__DUPLICATE_METHOD_MATCH = YES;
				COPY_PHASE_STRIP = NO;
				DEBUG_INFORMATION_FORMAT = "dwarf-with-dsym";
				ENABLE_NS_ASSERTIONS = NO;
				ENABLE_STRICT_OBJC_MSGSEND = YES;
				GCC_C_LANGUAGE_STANDARD = gnu11;
				GCC_NO_COMMON_BLOCKS = YES;
				GCC_WARN_64_TO_32_BIT_CONVERSION = YES;
				GCC_WARN_ABOUT_RETURN_TYPE = YES_ERROR;
				GCC_WARN_UNDECLARED_SELECTOR = YES;
				GCC_WARN_UNINITIALIZED_AUTOS = YES_AGGRESSIVE;
				GCC_WARN_UNUSED_FUNCTION = YES;
				GCC_WARN_UNUSED_VARIABLE = YES;
				IPHONEOS_DEPLOYMENT_TARGET = 13.0;
				MTL_ENABLE_DEBUG_INFO = NO;
				MTL_FAST_MATH = YES;
				SDKROOT = iphoneos;
				SWIFT_COMPILATION_MODE = wholemodule;
				SWIFT_OPTIMIZATION_LEVEL = "-O";
				VALIDATE_PRODUCT = YES;
			};
			name = Release;
		};
		FAF1C39F29C4E7130067B589 /* Debug */ = {
			isa = XCBuildConfiguration;
			buildSettings = {
				ASSETCATALOG_COMPILER_APPICON_NAME = AppIcon;
				ASSETCATALOG_COMPILER_GLOBAL_ACCENT_COLOR_NAME = AccentColor;
				CODE_SIGN_STYLE = Automatic;
				CURRENT_PROJECT_VERSION = 1;
				DEVELOPMENT_TEAM = L93Y4T9MPM;
				GENERATE_INFOPLIST_FILE = YES;
				INFOPLIST_FILE = GitHubFollowers/Info.plist;
				INFOPLIST_KEY_UIApplicationSupportsIndirectInputEvents = YES;
				INFOPLIST_KEY_UILaunchStoryboardName = LaunchScreen.storyboard;
				INFOPLIST_KEY_UIMainStoryboardFile = "";
				INFOPLIST_KEY_UISupportedInterfaceOrientations = UIInterfaceOrientationPortrait;
				INFOPLIST_KEY_UISupportedInterfaceOrientations_iPad = "UIInterfaceOrientationLandscapeLeft UIInterfaceOrientationLandscapeRight UIInterfaceOrientationPortrait UIInterfaceOrientationPortraitUpsideDown";
				IPHONEOS_DEPLOYMENT_TARGET = 13.0;
				LD_RUNPATH_SEARCH_PATHS = (
					"$(inherited)",
					"@executable_path/Frameworks",
				);
				MARKETING_VERSION = 1.0;
				PRODUCT_BUNDLE_IDENTIFIER = com.niko.berd.GitHubFollowers;
				PRODUCT_NAME = "$(TARGET_NAME)";
				SUPPORTED_PLATFORMS = "iphoneos iphonesimulator";
				SUPPORTS_MACCATALYST = NO;
				SUPPORTS_MAC_DESIGNED_FOR_IPHONE_IPAD = NO;
				SWIFT_EMIT_LOC_STRINGS = YES;
				SWIFT_VERSION = 5.0;
				TARGETED_DEVICE_FAMILY = 1;
			};
			name = Debug;
		};
		FAF1C3A029C4E7130067B589 /* Release */ = {
			isa = XCBuildConfiguration;
			buildSettings = {
				ASSETCATALOG_COMPILER_APPICON_NAME = AppIcon;
				ASSETCATALOG_COMPILER_GLOBAL_ACCENT_COLOR_NAME = AccentColor;
				CODE_SIGN_STYLE = Automatic;
				CURRENT_PROJECT_VERSION = 1;
				DEVELOPMENT_TEAM = L93Y4T9MPM;
				GENERATE_INFOPLIST_FILE = YES;
				INFOPLIST_FILE = GitHubFollowers/Info.plist;
				INFOPLIST_KEY_UIApplicationSupportsIndirectInputEvents = YES;
				INFOPLIST_KEY_UILaunchStoryboardName = LaunchScreen.storyboard;
				INFOPLIST_KEY_UIMainStoryboardFile = "";
				INFOPLIST_KEY_UISupportedInterfaceOrientations = UIInterfaceOrientationPortrait;
				INFOPLIST_KEY_UISupportedInterfaceOrientations_iPad = "UIInterfaceOrientationLandscapeLeft UIInterfaceOrientationLandscapeRight UIInterfaceOrientationPortrait UIInterfaceOrientationPortraitUpsideDown";
				IPHONEOS_DEPLOYMENT_TARGET = 13.0;
				LD_RUNPATH_SEARCH_PATHS = (
					"$(inherited)",
					"@executable_path/Frameworks",
				);
				MARKETING_VERSION = 1.0;
				PRODUCT_BUNDLE_IDENTIFIER = com.niko.berd.GitHubFollowers;
				PRODUCT_NAME = "$(TARGET_NAME)";
				SUPPORTED_PLATFORMS = "iphoneos iphonesimulator";
				SUPPORTS_MACCATALYST = NO;
				SUPPORTS_MAC_DESIGNED_FOR_IPHONE_IPAD = NO;
				SWIFT_EMIT_LOC_STRINGS = YES;
				SWIFT_VERSION = 5.0;
				TARGETED_DEVICE_FAMILY = 1;
			};
			name = Release;
		};
/* End XCBuildConfiguration section */

/* Begin XCConfigurationList section */
		FAF1C38529C4E7110067B589 /* Build configuration list for PBXProject "GitHubFollowers" */ = {
			isa = XCConfigurationList;
			buildConfigurations = (
				FAF1C39C29C4E7130067B589 /* Debug */,
				FAF1C39D29C4E7130067B589 /* Release */,
			);
			defaultConfigurationIsVisible = 0;
			defaultConfigurationName = Release;
		};
		FAF1C39E29C4E7130067B589 /* Build configuration list for PBXNativeTarget "GitHubFollowers" */ = {
			isa = XCConfigurationList;
			buildConfigurations = (
				FAF1C39F29C4E7130067B589 /* Debug */,
				FAF1C3A029C4E7130067B589 /* Release */,
			);
			defaultConfigurationIsVisible = 0;
			defaultConfigurationName = Release;
		};
/* End XCConfigurationList section */
	};
	rootObject = FAF1C38229C4E7110067B589 /* Project object */;
}
